dependencies:
- name: baserow
  repository: file://charts/baserow-common
  version: 1.0.17
- name: baserow
  repository: file://charts/baserow-common
  version: 1.0.17
- name: baserow
  repository: file://charts/baserow-common
  version: 1.0.17
- name: baserow
  repository: file://charts/baserow-common
  version: 1.0.17
- name: baserow
  repository: file://charts/baserow-common
  version: 1.0.17
- name: baserow
  repository: file://charts/baserow-common
  version: 1.0.17
- name: baserow
  repository: file://charts/baserow-common
  version: 1.0.17
- name: redis
  repository: https://charts.bitnami.com/bitnami
  version: 19.5.5
- name: postgresql
  repository: https://charts.bitnami.com/bitnami
  version: 15.5.38
- name: minio
  repository: https://charts.bitnami.com/bitnami
  version: 14.6.18
- name: caddy-ingress-controller
  repository: https://caddyserver.github.io/ingress
  version: 1.1.0
digest: sha256:041c153bb55dc62ec4a34da26e113985afd358e8f1deff6438fddb4947859199
generated: "2025-03-21T11:26:08.938791+01:00"
