dependencies:
- name: baserow
  repository: file://charts/baserow-common
  version: 1.0.34
- name: baserow
  repository: file://charts/baserow-common
  version: 1.0.34
- name: baserow
  repository: file://charts/baserow-common
  version: 1.0.34
- name: baserow
  repository: file://charts/baserow-common
  version: 1.0.34
- name: baserow
  repository: file://charts/baserow-common
  version: 1.0.34
- name: baserow
  repository: file://charts/baserow-common
  version: 1.0.34
- name: baserow
  repository: file://charts/baserow-common
  version: 1.0.34
- name: redis
  repository: https://charts.bitnami.com/bitnami
  version: 19.5.5
- name: postgresql
  repository: https://charts.bitnami.com/bitnami
  version: 15.5.38
- name: minio
  repository: https://charts.bitnami.com/bitnami
  version: 14.6.18
- name: caddy-ingress-controller
  repository: https://caddyserver.github.io/ingress
  version: 1.1.0
digest: sha256:e8e781cc10369cbacd6d92a5776f25b6dce38af90df8b73e3919eb5a4caaa90e
generated: "2025-09-30T12:07:49.987719+02:00"
