dependencies:
- name: baserow
  repository: file://charts/baserow-common
  version: 1.0.7
- name: baserow
  repository: file://charts/baserow-common
  version: 1.0.7
- name: baserow
  repository: file://charts/baserow-common
  version: 1.0.7
- name: baserow
  repository: file://charts/baserow-common
  version: 1.0.7
- name: baserow
  repository: file://charts/baserow-common
  version: 1.0.7
- name: baserow
  repository: file://charts/baserow-common
  version: 1.0.7
- name: baserow
  repository: file://charts/baserow-common
  version: 1.0.7
- name: redis
  repository: https://charts.bitnami.com/bitnami
  version: 19.5.5
- name: postgresql
  repository: https://charts.bitnami.com/bitnami
  version: 15.5.38
- name: minio
  repository: https://charts.bitnami.com/bitnami
  version: 14.6.18
- name: caddy-ingress-controller
  repository: https://caddyserver.github.io/ingress
  version: 1.1.0
digest: sha256:8e4c65d2e5d6d07063c7291a8e3abbfeb5a988d2650db31346004df8d0cc1589
generated: "2024-11-13T19:17:59.266303+01:00"
