# THIS IS AN AUTOGENERATED FILE. DO NOT EDIT THIS FILE DIRECTLY.
# yarn lockfile v1


"@babel/runtime@^7.14.6":
  version "7.17.0"
  resolved "https://registry.yarnpkg.com/@babel/runtime/-/runtime-7.17.0.tgz#b8d142fc0f7664fb3d9b5833fd40dcbab89276c0"
  integrity sha512-etcO/ohMNaNA2UBdaXBBSX/3aEzFMRrVfaPv8Ptc0k+cWpWW0QFiGZ2XnVqQZI1Cf734LbPGmqBKWESfW4x/dQ==
  dependencies:
    regenerator-runtime "^0.13.4"

abbrev@1:
  version "1.1.1"
  resolved "https://registry.yarnpkg.com/abbrev/-/abbrev-1.1.1.tgz#f8f2c887ad10bf67f634f005b6987fed3179aac8"
  integrity sha512-nne9/IiQ/hzIhY6pdDnbBtz7DjPTKrY00P/zvPSm5pOFkl6xuGrGnXn/VtTNNfNtAfZ9/1RtehkszU9qcTii0Q==

ansi-colors@^4.1.1:
  version "4.1.1"
  resolved "https://registry.yarnpkg.com/ansi-colors/-/ansi-colors-4.1.1.tgz#cbb9ae256bf750af1eab344f229aa27fe94ba348"
  integrity sha512-JoX0apGbHaUJBNl6yF+p6JAFYZ666/hhCGKN5t9QFjbJQKUU/g8MNbFDbvfrgKXvI1QpZplPOnwIo99lX/AAmA==

ansi-regex@^5.0.1:
  version "5.0.1"
  resolved "https://registry.yarnpkg.com/ansi-regex/-/ansi-regex-5.0.1.tgz#082cb2c89c9fe8659a311a53bd6a4dc5301db304"
  integrity sha512-quJQXlTSUGL2LH9SUXo8VwsY4soanhgo6LNSm84E1LBcE8s3O0wpdiRzyR9z/ZZJMlMWv37qOOb9pdJlMUEKFQ==

ansi-styles@^4.0.0:
  version "4.3.0"
  resolved "https://registry.yarnpkg.com/ansi-styles/-/ansi-styles-4.3.0.tgz#edd803628ae71c04c85ae7a0906edad34b648937"
  integrity sha512-zbB9rCJAT1rbjiVDb2hqKFHNYLxgtk8NURxZ3IZwD3F6NtxbXZQCnnSi1Lkx+IDohdPlFp222wVALIheZJQSEg==
  dependencies:
    color-convert "^2.0.1"

anymatch@~3.1.2:
  version "3.1.2"
  resolved "https://registry.yarnpkg.com/anymatch/-/anymatch-3.1.2.tgz#c0557c096af32f106198f4f4e2a383537e378716"
  integrity sha512-P43ePfOAIupkguHUycrc4qJ9kz8ZiuOUijaETwX7THt0Y/GNK7v0aa8rY816xWjZ7rJdA5XdMcpVFTKMq+RvWg==
  dependencies:
    normalize-path "^3.0.0"
    picomatch "^2.0.4"

balanced-match@^1.0.0:
  version "1.0.2"
  resolved "https://registry.yarnpkg.com/balanced-match/-/balanced-match-1.0.2.tgz#e83e3a7e3f300b34cb9d87f615fa0cbf357690ee"
  integrity sha512-3oSeUO0TMV67hN1AmbXsK4yaqU7tjiHlbxRDZOpH0KW9+CeX4bRAaX0Anxt0tx2MrpRpWwQaPwIlISEJhYU5Pw==

binary-extensions@^2.0.0:
  version "2.2.0"
  resolved "https://registry.yarnpkg.com/binary-extensions/-/binary-extensions-2.2.0.tgz#75f502eeaf9ffde42fc98829645be4ea76bd9e2d"
  integrity sha512-jDctJ/IVQbZoJykoeHbhXpOlNBqGNcwXJKJog42E5HDPUwQTSdjCHdihjj0DlnheQ7blbT6dHOafNAiS8ooQKA==

boolbase@^1.0.0:
  version "1.0.0"
  resolved "https://registry.yarnpkg.com/boolbase/-/boolbase-1.0.0.tgz#68dff5fbe60c51eb37725ea9e3ed310dcc1e776e"
  integrity sha1-aN/1++YMUes3cl6p4+0xDcwed24=

brace-expansion@^1.1.7:
  version "1.1.11"
  resolved "https://registry.yarnpkg.com/brace-expansion/-/brace-expansion-1.1.11.tgz#3c7fcbf529d87226f3d2f52b966ff5271eb441dd"
  integrity sha512-iCuPHDFgrHX7H2vEI/5xpz07zSHB00TpugqhmYtVmMO6518mCuRMoOYFldEBl0g187ufozdaHgWKcYFb61qGiA==
  dependencies:
    balanced-match "^1.0.0"
    concat-map "0.0.1"

braces@~3.0.2:
  version "3.0.2"
  resolved "https://registry.yarnpkg.com/braces/-/braces-3.0.2.tgz#3454e1a462ee8d599e236df336cd9ea4f8afe107"
  integrity sha512-b8um+L1RzM3WDSzvhm6gIz1yfTbBt6YTlcEKAvsmqCZZFw46z626lVj9j1yEPW33H5H+lBQpZMP1k8l+78Ha0A==
  dependencies:
    fill-range "^7.0.1"

camel-case@^3.0.0:
  version "3.0.0"
  resolved "https://registry.yarnpkg.com/camel-case/-/camel-case-3.0.0.tgz#ca3c3688a4e9cf3a4cda777dc4dcbc713249cf73"
  integrity sha1-yjw2iKTpzzpM2nd9xNy8cTJJz3M=
  dependencies:
    no-case "^2.2.0"
    upper-case "^1.1.1"

chalk@^5.0.0:
  version "5.0.0"
  resolved "https://registry.yarnpkg.com/chalk/-/chalk-5.0.0.tgz#bd96c6bb8e02b96e08c0c3ee2a9d90e050c7b832"
  integrity sha512-/duVOqst+luxCQRKEo4bNxinsOQtMP80ZYm7mMqzuh5PociNL0PvmHFvREJ9ueYL2TxlHjBcmLCdmocx9Vg+IQ==

cheerio-select@^1.5.0:
  version "1.5.0"
  resolved "https://registry.yarnpkg.com/cheerio-select/-/cheerio-select-1.5.0.tgz#faf3daeb31b17c5e1a9dabcee288aaf8aafa5823"
  integrity sha512-qocaHPv5ypefh6YNxvnbABM07KMxExbtbfuJoIie3iZXX1ERwYmJcIiRrr9H05ucQP1k28dav8rpdDgjQd8drg==
  dependencies:
    css-select "^4.1.3"
    css-what "^5.0.1"
    domelementtype "^2.2.0"
    domhandler "^4.2.0"
    domutils "^2.7.0"

cheerio@1.0.0-rc.10, cheerio@^1.0.0-rc.3:
  version "1.0.0-rc.10"
  resolved "https://registry.yarnpkg.com/cheerio/-/cheerio-1.0.0-rc.10.tgz#2ba3dcdfcc26e7956fc1f440e61d51c643379f3e"
  integrity sha512-g0J0q/O6mW8z5zxQ3A8E8J1hUgp4SMOvEoW/x84OwyHKe/Zccz83PVT4y5Crcr530FV6NgmKI1qvGTKVl9XXVw==
  dependencies:
    cheerio-select "^1.5.0"
    dom-serializer "^1.3.2"
    domhandler "^4.2.0"
    htmlparser2 "^6.1.0"
    parse5 "^6.0.1"
    parse5-htmlparser2-tree-adapter "^6.0.1"
    tslib "^2.2.0"

chokidar@^3.0.0, chokidar@^3.5.3:
  version "3.5.3"
  resolved "https://registry.yarnpkg.com/chokidar/-/chokidar-3.5.3.tgz#1cf37c8707b932bd1af1ae22c0432e2acd1903bd"
  integrity sha512-Dr3sfKRP6oTcjf2JmUmFJfeVMvXBdegxB0iVQ5eb2V10uFJUCAS8OByZdVAyVb8xXNz3GjjTgj9kLWsZTqE6kw==
  dependencies:
    anymatch "~3.1.2"
    braces "~3.0.2"
    glob-parent "~5.1.2"
    is-binary-path "~2.1.0"
    is-glob "~4.0.1"
    normalize-path "~3.0.0"
    readdirp "~3.6.0"
  optionalDependencies:
    fsevents "~2.3.2"

clean-css@^4.2.1:
  version "4.2.4"
  resolved "https://registry.yarnpkg.com/clean-css/-/clean-css-4.2.4.tgz#733bf46eba4e607c6891ea57c24a989356831178"
  integrity sha512-EJUDT7nDVFDvaQgAo2G/PJvxmp1o/c6iXLbswsBbUFXi1Nr+AjA2cKmfbKDMjMvzEe75g3P6JkaDDAKk96A85A==
  dependencies:
    source-map "~0.6.0"

cliui@^7.0.2:
  version "7.0.4"
  resolved "https://registry.yarnpkg.com/cliui/-/cliui-7.0.4.tgz#a0265ee655476fc807aea9df3df8df7783808b4f"
  integrity sha512-OcRE68cOsVMXp1Yvonl/fzkQOyjLSu/8bhPDfQt0e0/Eb283TKP20Fs2MqoPsr9SwA595rRCA+QMzYc9nBP+JQ==
  dependencies:
    string-width "^4.2.0"
    strip-ansi "^6.0.0"
    wrap-ansi "^7.0.0"

color-convert@^2.0.1:
  version "2.0.1"
  resolved "https://registry.yarnpkg.com/color-convert/-/color-convert-2.0.1.tgz#72d3a68d598c9bdb3af2ad1e84f21d896abd4de3"
  integrity sha512-RRECPsj7iu/xb5oKYcsFHSppFNnsj/52OVTRKb4zP5onXwVF3zVmmToNcOfGC+CRDpfK/U584fMg38ZHCaElKQ==
  dependencies:
    color-name "~1.1.4"

color-name@~1.1.4:
  version "1.1.4"
  resolved "https://registry.yarnpkg.com/color-name/-/color-name-1.1.4.tgz#c2a09a87acbde69543de6f63fa3995c826c536a2"
  integrity sha512-dOy+3AuW3a2wNbZHIuMZpTcgjGuLU/uBL/ubcZF9OXbDo8ff4O8yVp5Bf0efS8uEoYo5q4Fx7dY9OgQGXgAsQA==

commander@^2.19.0:
  version "2.20.3"
  resolved "https://registry.yarnpkg.com/commander/-/commander-2.20.3.tgz#fd485e84c03eb4881c20722ba48035e8531aeb33"
  integrity sha512-GpVkmM8vF2vQUkj2LvZmD35JxeJOLCwJ9cUkugyk2nuhbv3+mJvpLYYt+0+USMxE+oj+ey/lJEnhZw75x/OMcQ==

commander@^5.1.0:
  version "5.1.0"
  resolved "https://registry.yarnpkg.com/commander/-/commander-5.1.0.tgz#46abbd1652f8e059bddaef99bbdcb2ad9cf179ae"
  integrity sha512-P0CysNDQ7rtVw4QIQtm+MRxV66vKFSvlsQvGYXZWR3qFU0jlMKHZZZgw8e+8DSah4UDKMqnknRDQz+xuQXQ/Zg==

concat-map@0.0.1:
  version "0.0.1"
  resolved "https://registry.yarnpkg.com/concat-map/-/concat-map-0.0.1.tgz#d8a96bd77fd68df7793a73036a3ba0d5405d477b"
  integrity sha1-2Klr13/Wjfd5OnMDajug1UBdR3s=

config-chain@^1.1.12:
  version "1.1.13"
  resolved "https://registry.yarnpkg.com/config-chain/-/config-chain-1.1.13.tgz#fad0795aa6a6cdaff9ed1b68e9dff94372c232f4"
  integrity sha512-qj+f8APARXHrM0hraqXYb2/bOVSV4PvJQlNZ/DVj0QrmNM2q2euizkeuVckQ57J+W0mRH6Hvi+k50M4Jul2VRQ==
  dependencies:
    ini "^1.3.4"
    proto-list "~1.2.1"

css-select@^4.1.3:
  version "4.2.1"
  resolved "https://registry.yarnpkg.com/css-select/-/css-select-4.2.1.tgz#9e665d6ae4c7f9d65dbe69d0316e3221fb274cdd"
  integrity sha512-/aUslKhzkTNCQUB2qTX84lVmfia9NyjP3WpDGtj/WxhwBzWBYUV3DgUpurHTme8UTPcPlAD1DJ+b0nN/t50zDQ==
  dependencies:
    boolbase "^1.0.0"
    css-what "^5.1.0"
    domhandler "^4.3.0"
    domutils "^2.8.0"
    nth-check "^2.0.1"

css-what@^5.0.1, css-what@^5.1.0:
  version "5.1.0"
  resolved "https://registry.yarnpkg.com/css-what/-/css-what-5.1.0.tgz#3f7b707aadf633baf62c2ceb8579b545bb40f7fe"
  integrity sha512-arSMRWIIFY0hV8pIxZMEfmMI47Wj3R/aWpZDDxWYCPEiOMv6tfOrnpDtgxBYPEQD4V0Y/958+1TdC3iWTFcUPw==

detect-node@2.0.4:
  version "2.0.4"
  resolved "https://registry.yarnpkg.com/detect-node/-/detect-node-2.0.4.tgz#014ee8f8f669c5c58023da64b8179c083a28c46c"
  integrity sha512-ZIzRpLJrOj7jjP2miAtgqIfmzbxa4ZOr5jJc601zklsfEx9oTzmmj2nVpIPRpNlRTIh8lc1kyViIY7BWSGNmKw==

dom-serializer@^1.0.1, dom-serializer@^1.3.2:
  version "1.3.2"
  resolved "https://registry.yarnpkg.com/dom-serializer/-/dom-serializer-1.3.2.tgz#6206437d32ceefaec7161803230c7a20bc1b4d91"
  integrity sha512-5c54Bk5Dw4qAxNOI1pFEizPSjVsx5+bpJKmL2kPn8JhBUq2q09tTCa3mjijun2NfK78NMouDYNMBkOrPZiS+ig==
  dependencies:
    domelementtype "^2.0.1"
    domhandler "^4.2.0"
    entities "^2.0.0"

domelementtype@^2.0.1, domelementtype@^2.2.0:
  version "2.2.0"
  resolved "https://registry.yarnpkg.com/domelementtype/-/domelementtype-2.2.0.tgz#9a0b6c2782ed6a1c7323d42267183df9bd8b1d57"
  integrity sha512-DtBMo82pv1dFtUmHyr48beiuq792Sxohr+8Hm9zoxklYPfa6n0Z3Byjj2IV7bmr2IyqClnqEQhfgHJJ5QF0R5A==

domhandler@^3.0.0:
  version "3.3.0"
  resolved "https://registry.yarnpkg.com/domhandler/-/domhandler-3.3.0.tgz#6db7ea46e4617eb15cf875df68b2b8524ce0037a"
  integrity sha512-J1C5rIANUbuYK+FuFL98650rihynUOEzRLxW+90bKZRWB6A1X1Tf82GxR1qAWLyfNPRvjqfip3Q5tdYlmAa9lA==
  dependencies:
    domelementtype "^2.0.1"

domhandler@^4.0.0, domhandler@^4.2.0, domhandler@^4.3.0:
  version "4.3.0"
  resolved "https://registry.yarnpkg.com/domhandler/-/domhandler-4.3.0.tgz#16c658c626cf966967e306f966b431f77d4a5626"
  integrity sha512-fC0aXNQXqKSFTr2wDNZDhsEYjCiYsDWl3D01kwt25hm1YIPyDGHvvi3rw+PLqHAl/m71MaiF7d5zvBr0p5UB2g==
  dependencies:
    domelementtype "^2.2.0"

domutils@^2.0.0, domutils@^2.5.2, domutils@^2.7.0, domutils@^2.8.0:
  version "2.8.0"
  resolved "https://registry.yarnpkg.com/domutils/-/domutils-2.8.0.tgz#4437def5db6e2d1f5d6ee859bd95ca7d02048135"
  integrity sha512-w96Cjofp72M5IIhpjgobBimYEfoPjx1Vx0BSX9P30WBdZW2WIKU0T1Bd0kz2eNZ9ikjKgHbEyKx8BB6H1L3h3A==
  dependencies:
    dom-serializer "^1.0.1"
    domelementtype "^2.2.0"
    domhandler "^4.2.0"

editorconfig@^0.15.3:
  version "0.15.3"
  resolved "https://registry.yarnpkg.com/editorconfig/-/editorconfig-0.15.3.tgz#bef84c4e75fb8dcb0ce5cee8efd51c15999befc5"
  integrity sha512-M9wIMFx96vq0R4F+gRpY3o2exzb8hEj/n9S8unZtHSvYjibBp/iMufSzvmOcV/laG0ZtuTVGtiJggPOSW2r93g==
  dependencies:
    commander "^2.19.0"
    lru-cache "^4.1.5"
    semver "^5.6.0"
    sigmund "^1.0.1"

emoji-regex@^8.0.0:
  version "8.0.0"
  resolved "https://registry.yarnpkg.com/emoji-regex/-/emoji-regex-8.0.0.tgz#e818fd69ce5ccfcb404594f842963bf53164cc37"
  integrity sha512-MSjYzcWNOA0ewAHpz0MxpYFvwg6yjy1NG3xteoqz644VCo/RPgnr1/GGt+ic3iJTzQ8Eu3TdM14SawnVUmGE6A==

entities@^2.0.0:
  version "2.2.0"
  resolved "https://registry.yarnpkg.com/entities/-/entities-2.2.0.tgz#098dc90ebb83d8dffa089d55256b351d34c4da55"
  integrity sha512-p92if5Nz619I0w+akJrLZH0MX0Pb5DX39XOwQTtXSdQQOaYH03S1uIQp4mhOZtAXrxq4ViO67YTiLBo2638o9A==

escalade@^3.1.1:
  version "3.1.1"
  resolved "https://registry.yarnpkg.com/escalade/-/escalade-3.1.1.tgz#d8cfdc7000965c5a0174b4a82eaa5c0552742e40"
  integrity sha512-k0er2gUkLf8O0zKJiAhmkTnJlTvINGv7ygDNPbeIsX/TJjGJZHuh9B2UxbsaEkmlEo9MfhrSzmhIlhRlI2GXnw==

escape-goat@^3.0.0:
  version "3.0.0"
  resolved "https://registry.yarnpkg.com/escape-goat/-/escape-goat-3.0.0.tgz#e8b5fb658553fe8a3c4959c316c6ebb8c842b19c"
  integrity sha512-w3PwNZJwRxlp47QGzhuEBldEqVHHhh8/tIPcl6ecf2Bou99cdAt0knihBV0Ecc7CGxYduXVBDheH1K2oADRlvw==

eta@^1.12.3:
  version "1.12.3"
  resolved "https://registry.yarnpkg.com/eta/-/eta-1.12.3.tgz#2982d08adfbef39f9fa50e2fbd42d7337e7338b1"
  integrity sha512-qHixwbDLtekO/d51Yr4glcaUJCIjGVJyTzuqV4GPlgZo1YpgOKG+avQynErZIYrfM6JIJdtiG2Kox8tbb+DoGg==

fill-range@^7.0.1:
  version "7.0.1"
  resolved "https://registry.yarnpkg.com/fill-range/-/fill-range-7.0.1.tgz#1919a6a7c75fe38b2c7c77e5198535da9acdda40"
  integrity sha512-qOo9F+dMUmC2Lcb4BbVvnKJxTPjCm+RRpe4gDuGrzkL7mEVl/djYSu2OdQ2Pa302N4oqkSg9ir6jaLWJ2USVpQ==
  dependencies:
    to-regex-range "^5.0.1"

fs.realpath@^1.0.0:
  version "1.0.0"
  resolved "https://registry.yarnpkg.com/fs.realpath/-/fs.realpath-1.0.0.tgz#1504ad2523158caa40db4a2787cb01411994ea4f"
  integrity sha1-FQStJSMVjKpA20onh8sBQRmU6k8=

fsevents@~2.3.2:
  version "2.3.2"
  resolved "https://registry.yarnpkg.com/fsevents/-/fsevents-2.3.2.tgz#8a526f78b8fdf4623b709e0b975c52c24c02fd1a"
  integrity sha512-xiqMQR4xAeHTuB9uWm+fFRcIOgKBMiOBP+eXiyT7jsgVCq1bkVygt00oASowB7EdtpOHaaPgKt812P9ab+DDKA==

get-caller-file@^2.0.5:
  version "2.0.5"
  resolved "https://registry.yarnpkg.com/get-caller-file/-/get-caller-file-2.0.5.tgz#4f94412a82db32f36e3b0b9741f8a97feb031f7e"
  integrity sha512-DyFP3BM/3YHTQOCUL/w0OZHR0lpKeGrxotcHWcqNEdnltqFwXVfhEBQ94eIo34AfQpo0rGki4cyIiftY06h2Fg==

glob-parent@~5.1.2:
  version "5.1.2"
  resolved "https://registry.yarnpkg.com/glob-parent/-/glob-parent-5.1.2.tgz#869832c58034fe68a4093c17dc15e8340d8401c4"
  integrity sha512-AOIgSQCepiJYwP3ARnGx+5VnTu2HBYdzbGP45eLw1vr3zB3vZLeyed1sC9hnbcOc9/SrMyM5RPQrkGz4aS9Zow==
  dependencies:
    is-glob "^4.0.1"

glob@^7.1.1, glob@^7.1.3, glob@^7.2.0:
  version "7.2.0"
  resolved "https://registry.yarnpkg.com/glob/-/glob-7.2.0.tgz#d15535af7732e02e948f4c41628bd910293f6023"
  integrity sha512-lmLf6gtyrPq8tTjSmrO94wBeQbFR3HbLHbuyD69wuyQkImp2hWqMGB47OX65FBkPffO641IP9jWa1z4ivqG26Q==
  dependencies:
    fs.realpath "^1.0.0"
    inflight "^1.0.4"
    inherits "2"
    minimatch "^3.0.4"
    once "^1.3.0"
    path-is-absolute "^1.0.0"

he@^1.2.0:
  version "1.2.0"
  resolved "https://registry.yarnpkg.com/he/-/he-1.2.0.tgz#84ae65fa7eafb165fddb61566ae14baf05664f0f"
  integrity sha512-F/1DnUGPopORZi0ni+CvrCgHQ5FyEAHRLSApuYWMmrbSwoN2Mn/7k+Gl38gJnR7yyDZk6WLXwiGod1JOWNDKGw==

html-minifier@^4.0.0:
  version "4.0.0"
  resolved "https://registry.yarnpkg.com/html-minifier/-/html-minifier-4.0.0.tgz#cca9aad8bce1175e02e17a8c33e46d8988889f56"
  integrity sha512-aoGxanpFPLg7MkIl/DDFYtb0iWz7jMFGqFhvEDZga6/4QTjneiD8I/NXL1x5aaoCp7FSIT6h/OhykDdPsbtMig==
  dependencies:
    camel-case "^3.0.0"
    clean-css "^4.2.1"
    commander "^2.19.0"
    he "^1.2.0"
    param-case "^2.1.1"
    relateurl "^0.2.7"
    uglify-js "^3.5.1"

htmlparser2@^4.0.0, htmlparser2@^4.1.0:
  version "4.1.0"
  resolved "https://registry.yarnpkg.com/htmlparser2/-/htmlparser2-4.1.0.tgz#9a4ef161f2e4625ebf7dfbe6c0a2f52d18a59e78"
  integrity sha512-4zDq1a1zhE4gQso/c5LP1OtrhYTncXNSpvJYtWJBtXAETPlMfi3IFNjGuQbYLuVY4ZR0QMqRVvo4Pdy9KLyP8Q==
  dependencies:
    domelementtype "^2.0.1"
    domhandler "^3.0.0"
    domutils "^2.0.0"
    entities "^2.0.0"

htmlparser2@^6.1.0:
  version "6.1.0"
  resolved "https://registry.yarnpkg.com/htmlparser2/-/htmlparser2-6.1.0.tgz#c4d762b6c3371a05dbe65e94ae43a9f845fb8fb7"
  integrity sha512-gyyPk6rgonLFEDGoeRgQNaEUvdJ4ktTmmUh/h2t7s+M8oPpIPxgNACWa+6ESR57kXstwqPiCut0V8NRpcwgU7A==
  dependencies:
    domelementtype "^2.0.1"
    domhandler "^4.0.0"
    domutils "^2.5.2"
    entities "^2.0.0"

inflight@^1.0.4:
  version "1.0.6"
  resolved "https://registry.yarnpkg.com/inflight/-/inflight-1.0.6.tgz#49bd6331d7d02d0c09bc910a1075ba8165b56df9"
  integrity sha1-Sb1jMdfQLQwJvJEKEHW6gWW1bfk=
  dependencies:
    once "^1.3.0"
    wrappy "1"

inherits@2:
  version "2.0.4"
  resolved "https://registry.yarnpkg.com/inherits/-/inherits-2.0.4.tgz#0fa2c64f932917c3433a0ded55363aae37416b7c"
  integrity sha512-k/vGaX4/Yla3WzyMCvTQOXYeIHvqOKtnqBduzTHpzpQZzAskKMhZ2K+EnBiSM9zGSoIFeMpXKxa4dYeZIQqewQ==

ini@^1.3.4:
  version "1.3.8"
  resolved "https://registry.yarnpkg.com/ini/-/ini-1.3.8.tgz#a29da425b48806f34767a4efce397269af28432c"
  integrity sha512-JV/yugV2uzW5iMRSiZAyDtQd+nxtUnjeLt0acNdw98kKLrvuRVyB80tsREOE7yvGVgalhZ6RNXCmEHkUKBKxew==

is-binary-path@~2.1.0:
  version "2.1.0"
  resolved "https://registry.yarnpkg.com/is-binary-path/-/is-binary-path-2.1.0.tgz#ea1f7f3b80f064236e83470f86c09c254fb45b09"
  integrity sha512-ZMERYes6pDydyuGidse7OsHxtbI7WVeUEozgR/g7rd0xUimYNlvZRE/K2MgZTjWy725IfelLeVcEM97mmtRGXw==
  dependencies:
    binary-extensions "^2.0.0"

is-extglob@^2.1.1:
  version "2.1.1"
  resolved "https://registry.yarnpkg.com/is-extglob/-/is-extglob-2.1.1.tgz#a88c02535791f02ed37c76a1b9ea9773c833f8c2"
  integrity sha1-qIwCU1eR8C7TfHahueqXc8gz+MI=

is-fullwidth-code-point@^3.0.0:
  version "3.0.0"
  resolved "https://registry.yarnpkg.com/is-fullwidth-code-point/-/is-fullwidth-code-point-3.0.0.tgz#f116f8064fe90b3f7844a38997c0b75051269f1d"
  integrity sha512-zymm5+u+sCsSWyD9qNaejV3DFvhCKclKdizYaJUuHA83RLjb7nSuGnddCHGv0hk+KY7BMAlsWeK4Ueg6EV6XQg==

is-glob@^4.0.1, is-glob@~4.0.1:
  version "4.0.3"
  resolved "https://registry.yarnpkg.com/is-glob/-/is-glob-4.0.3.tgz#64f61e42cbbb2eec2071a9dac0b28ba1e65d5084"
  integrity sha512-xelSayHH36ZgE7ZWhli7pW34hNbNl8Ojv5KVmkJD4hBdD3th8Tfk9vYasLM+mXWOZhFkgZfxhLSnrwRr4elSSg==
  dependencies:
    is-extglob "^2.1.1"

is-number@^7.0.0:
  version "7.0.0"
  resolved "https://registry.yarnpkg.com/is-number/-/is-number-7.0.0.tgz#7535345b896734d5f80c4d06c50955527a14f12b"
  integrity sha512-41Cifkg6e8TylSpdtTpeLVMqvSBEVzTttHvERD741+pnZ8ANv0004MRL43QKPDlK9cGvNp6NZWZUBlbGXYxxng==

js-beautify@^1.6.14:
  version "1.14.0"
  resolved "https://registry.yarnpkg.com/js-beautify/-/js-beautify-1.14.0.tgz#2ce790c555d53ce1e3d7363227acf5dc69024c2d"
  integrity sha512-yuck9KirNSCAwyNJbqW+BxJqJ0NLJ4PwBUzQQACl5O3qHMBXVkXb/rD0ilh/Lat/tn88zSZ+CAHOlk0DsY7GuQ==
  dependencies:
    config-chain "^1.1.12"
    editorconfig "^0.15.3"
    glob "^7.1.3"
    nopt "^5.0.0"

juice@^7.0.0:
  version "7.0.0"
  resolved "https://registry.yarnpkg.com/juice/-/juice-7.0.0.tgz#509bed6adbb6e4bbaa7fbfadac4e2e83e8c89ba3"
  integrity sha512-AjKQX31KKN+uJs+zaf+GW8mBO/f/0NqSh2moTMyvwBY+4/lXIYTU8D8I2h6BAV3Xnz6GGsbalUyFqbYMe+Vh+Q==
  dependencies:
    cheerio "^1.0.0-rc.3"
    commander "^5.1.0"
    mensch "^0.3.4"
    slick "^1.12.2"
    web-resource-inliner "^5.0.0"

lodash@^4.17.15, lodash@^4.17.21:
  version "4.17.21"
  resolved "https://registry.yarnpkg.com/lodash/-/lodash-4.17.21.tgz#679591c564c3bffaae8454cf0b3df370c3d6911c"
  integrity sha512-v2kDEe57lecTulaDIuNTPy3Ry4gLGJ6Z1O3vE1krgXZNrsQ+LFTGHVxVjcXPs17LhbZVGedAJv8XZ1tvj5FvSg==

lower-case@^1.1.1:
  version "1.1.4"
  resolved "https://registry.yarnpkg.com/lower-case/-/lower-case-1.1.4.tgz#9a2cabd1b9e8e0ae993a4bf7d5875c39c42e8eac"
  integrity sha1-miyr0bno4K6ZOkv31YdcOcQujqw=

lru-cache@^4.1.5:
  version "4.1.5"
  resolved "https://registry.yarnpkg.com/lru-cache/-/lru-cache-4.1.5.tgz#8bbe50ea85bed59bc9e33dcab8235ee9bcf443cd"
  integrity sha512-sWZlbEP2OsHNkXrMl5GYk/jKk70MBng6UU4YI/qGDYbgf6YbP4EvmqISbXCoJiRKs+1bSpFHVgQxvJ17F2li5g==
  dependencies:
    pseudomap "^1.0.2"
    yallist "^2.1.2"

mensch@^0.3.4:
  version "0.3.4"
  resolved "https://registry.yarnpkg.com/mensch/-/mensch-0.3.4.tgz#770f91b46cb16ea5b204ee735768c3f0c491fecd"
  integrity sha512-IAeFvcOnV9V0Yk+bFhYR07O3yNina9ANIN5MoXBKYJ/RLYPurd2d0yw14MDhpr9/momp0WofT1bPUh3hkzdi/g==

mime@^2.4.6:
  version "2.6.0"
  resolved "https://registry.yarnpkg.com/mime/-/mime-2.6.0.tgz#a2a682a95cd4d0cb1d6257e28f83da7e35800367"
  integrity sha512-USPkMeET31rOMiarsBNIHZKLGgvKc/LrjofAnBlOttf5ajRvqiRA8QsenbcooctK6d6Ts6aqZXBA+XbkKthiQg==

minimatch@^3.0.4:
  version "3.0.5"
  resolved "https://registry.yarnpkg.com/minimatch/-/minimatch-3.0.5.tgz#4da8f1290ee0f0f8e83d60ca69f8f134068604a3"
  integrity sha512-tUpxzX0VAzJHjLu0xUfFv1gwVp9ba3IOuRAVH2EGuRW8a5emA2FlACLqiT/lDVtS1W+TGNwqz3sWaNyLgDJWuw==
  dependencies:
    brace-expansion "^1.1.7"

mjml-accordion@4.12.0:
  version "4.12.0"
  resolved "https://registry.yarnpkg.com/mjml-accordion/-/mjml-accordion-4.12.0.tgz#8fa8a6777fc12caeac9aa8f21b77ac6a3e9b9261"
  integrity sha512-vqBk4NhXN+w6F3c5vnLxkvgneREpkwTzZpbxtMzpNqkUW2yei0oSQ26j/wLgXYTaX+4Czp+oVr0cnNxjyCZHjA==
  dependencies:
    "@babel/runtime" "^7.14.6"
    lodash "^4.17.21"
    mjml-core "4.12.0"

mjml-body@4.12.0:
  version "4.12.0"
  resolved "https://registry.yarnpkg.com/mjml-body/-/mjml-body-4.12.0.tgz#97feb40e556ceb6444c6af3d79db3d96e9bc9549"
  integrity sha512-IQBAHhdRKsNUXat+oxvRTjVJ1qzTRkNjFe/mtD/Pbn9olUnQmV+RKxnkqRZf7QtiTxVIOGC4kU9VLPjNymsFXQ==
  dependencies:
    "@babel/runtime" "^7.14.6"
    lodash "^4.17.21"
    mjml-core "4.12.0"

mjml-button@4.12.0:
  version "4.12.0"
  resolved "https://registry.yarnpkg.com/mjml-button/-/mjml-button-4.12.0.tgz#c89103f702181f0722787ab9905affe98f326c73"
  integrity sha512-XJfLP+mHvCr6Ky16ooYz5+8ODkf10+ATyvENCKyrof+rietr5WxN2FxWCZA9Orq20OE74/hvaOeZZdkxwtsXig==
  dependencies:
    "@babel/runtime" "^7.14.6"
    lodash "^4.17.21"
    mjml-core "4.12.0"

mjml-carousel@4.12.0:
  version "4.12.0"
  resolved "https://registry.yarnpkg.com/mjml-carousel/-/mjml-carousel-4.12.0.tgz#0fdd9954c53108aa8c35cf9f6c2a3af9626566f8"
  integrity sha512-vQ5Aqvix9mbAE0GspxIDpKK4dVMRuKFO3qV6N/CkrIAOe4+2CKV4AMn2fWUvQEx6hA6CGxayeLkI7E0hNOWcZA==
  dependencies:
    "@babel/runtime" "^7.14.6"
    lodash "^4.17.21"
    mjml-core "4.12.0"

mjml-cli@4.12.0:
  version "4.12.0"
  resolved "https://registry.yarnpkg.com/mjml-cli/-/mjml-cli-4.12.0.tgz#1911b8fa9925ae59e760714ba1c3a404c2c23393"
  integrity sha512-//Y4XsN6aFgpZtDbQZRu4qe+CQzGWV3i5K3rC1dwPcdtpDMsXBPKiwIZFrQxpRVBwxs0hU4ZBQOMtvYZkoicdQ==
  dependencies:
    "@babel/runtime" "^7.14.6"
    chokidar "^3.0.0"
    glob "^7.1.1"
    html-minifier "^4.0.0"
    js-beautify "^1.6.14"
    lodash "^4.17.21"
    mjml-core "4.12.0"
    mjml-migrate "4.12.0"
    mjml-parser-xml "4.12.0"
    mjml-validator "4.12.0"
    yargs "^16.1.0"

mjml-column@4.12.0:
  version "4.12.0"
  resolved "https://registry.yarnpkg.com/mjml-column/-/mjml-column-4.12.0.tgz#8b88423478c5499f845b04701a961195eb88a69b"
  integrity sha512-Ub/7ov2B1T2jfSpxvF61o3UCU4gGDFUqIelr7ghuazLc2KvTwdHYeR8mWt8l8RBM6zZiWjkYEFMP22ty7WXztg==
  dependencies:
    "@babel/runtime" "^7.14.6"
    lodash "^4.17.21"
    mjml-core "4.12.0"

mjml-core@4.12.0:
  version "4.12.0"
  resolved "https://registry.yarnpkg.com/mjml-core/-/mjml-core-4.12.0.tgz#acb6268cd9cd31f7bdfcf54a6dcb10708f976b48"
  integrity sha512-B3gUkV3kFN1IlzIV3GnpWBmE21XHH5ARyydMxacR75iC53PvJ9c50hr6DWLGdrrDCC6Fdud8jTmgD9dnWPmJhQ==
  dependencies:
    "@babel/runtime" "^7.14.6"
    cheerio "1.0.0-rc.10"
    detect-node "2.0.4"
    html-minifier "^4.0.0"
    js-beautify "^1.6.14"
    juice "^7.0.0"
    lodash "^4.17.21"
    mjml-migrate "4.12.0"
    mjml-parser-xml "4.12.0"
    mjml-validator "4.12.0"

mjml-divider@4.12.0:
  version "4.12.0"
  resolved "https://registry.yarnpkg.com/mjml-divider/-/mjml-divider-4.12.0.tgz#04baa6096a8da4460aa53a7c930e72a4a792937e"
  integrity sha512-L87iqrhVS+PnUInYbXK4lcTQcHfWMTL7ZqDL9XEMBywzX8cCfviLNMbqmLCO2HD8nMPVMRbcE32H04T6LyZ2qw==
  dependencies:
    "@babel/runtime" "^7.14.6"
    lodash "^4.17.21"
    mjml-core "4.12.0"

mjml-group@4.12.0:
  version "4.12.0"
  resolved "https://registry.yarnpkg.com/mjml-group/-/mjml-group-4.12.0.tgz#ccef836fd7d16166f8f73128d0707fdad3139614"
  integrity sha512-Rl7Iydd7M2SnbH1ItIi07hYY+FrEai5c6kYMKbcFWAuNupCuvUThuhx1AphMPCZFMLbbPSKNWMarBkWhepS7cw==
  dependencies:
    "@babel/runtime" "^7.14.6"
    lodash "^4.17.21"
    mjml-core "4.12.0"

mjml-head-attributes@4.12.0:
  version "4.12.0"
  resolved "https://registry.yarnpkg.com/mjml-head-attributes/-/mjml-head-attributes-4.12.0.tgz#21a31fe824f451d95a8750c12f5b7f8dcdaca164"
  integrity sha512-tRwKUzIrtcw1FGy8Xpy4vrFo0u2daZgqx3X0cM5WWrGFcKe7ZdjNEAkU/3w+WsFjeMcb0fHdKvd+sxBjPJ6fpA==
  dependencies:
    "@babel/runtime" "^7.14.6"
    lodash "^4.17.21"
    mjml-core "4.12.0"

mjml-head-breakpoint@4.12.0:
  version "4.12.0"
  resolved "https://registry.yarnpkg.com/mjml-head-breakpoint/-/mjml-head-breakpoint-4.12.0.tgz#f71f4ddd8ca0b97c5de864b83aee879345d962cb"
  integrity sha512-BVVbvAIcIu49P1EJkEPPIY8Gu4GleyzpkdddqD3ihAPn3Pz07SEsFlHvI35eCszuaJeeMbSSxLrsF4m+aQQlvw==
  dependencies:
    "@babel/runtime" "^7.14.6"
    lodash "^4.17.21"
    mjml-core "4.12.0"

mjml-head-font@4.12.0:
  version "4.12.0"
  resolved "https://registry.yarnpkg.com/mjml-head-font/-/mjml-head-font-4.12.0.tgz#698af765ef785d353a42d127296e742df15a68f5"
  integrity sha512-ja5sWbGOIr1gF/7IIPzrgOlWYiKk57BC8JWYRANV7CxNKa635sd6aBJHbzXv1A6Ph+zH5KtE0MSQCK8n49BIsw==
  dependencies:
    "@babel/runtime" "^7.14.6"
    lodash "^4.17.21"
    mjml-core "4.12.0"

mjml-head-html-attributes@4.12.0:
  version "4.12.0"
  resolved "https://registry.yarnpkg.com/mjml-head-html-attributes/-/mjml-head-html-attributes-4.12.0.tgz#3c6a6e927ee314a0afd29a08bd103f68ac53a2e1"
  integrity sha512-XJesJuW9uzlNN5w/S7t5ZquSVDay7BehOKmIZKMwKn1y0SJBXiakcwt9M9hhF0HB189Bew0gpGt3m7QYvTez8g==
  dependencies:
    "@babel/runtime" "^7.14.6"
    lodash "^4.17.21"
    mjml-core "4.12.0"

mjml-head-preview@4.12.0:
  version "4.12.0"
  resolved "https://registry.yarnpkg.com/mjml-head-preview/-/mjml-head-preview-4.12.0.tgz#34b8f7797a2170de6f2be4c42b170aa9351340f2"
  integrity sha512-pr02ZkxwU6/LWhrL3xP/hLrUXx27I1FnfgaYjgvMjh6pMURuy7W+W8BrNJKeyXZo685b2A5lNFDJV7rCJ6HrEQ==
  dependencies:
    "@babel/runtime" "^7.14.6"
    lodash "^4.17.21"
    mjml-core "4.12.0"

mjml-head-style@4.12.0:
  version "4.12.0"
  resolved "https://registry.yarnpkg.com/mjml-head-style/-/mjml-head-style-4.12.0.tgz#d86dd9553dd3f9a057f70c193dd15ef0cf934bd3"
  integrity sha512-64IVdJ2Xl000SrwLt4cebl+MiZcino/ywMkuLQ/c48XeR6pkvbjXYAInWsdlMG1y041n1bOZICNnQQc4xhNJrw==
  dependencies:
    "@babel/runtime" "^7.14.6"
    lodash "^4.17.21"
    mjml-core "4.12.0"

mjml-head-title@4.12.0:
  version "4.12.0"
  resolved "https://registry.yarnpkg.com/mjml-head-title/-/mjml-head-title-4.12.0.tgz#d21ee32b2b929bac36140f92ea5b447e039d03af"
  integrity sha512-c7thJUmNLIdVy1ftLbYUjchHwrIfAb9SHdbuVQHdtQz45a3Ni2nie4AWxF/srn90k8q/uEKtQq1taOa4f71Zug==
  dependencies:
    "@babel/runtime" "^7.14.6"
    lodash "^4.17.21"
    mjml-core "4.12.0"

mjml-head@4.12.0:
  version "4.12.0"
  resolved "https://registry.yarnpkg.com/mjml-head/-/mjml-head-4.12.0.tgz#fe0167cd4d8a16edc0ba1be0e9f73b78ca7be79e"
  integrity sha512-LcI4ykOB6nMV5W//tF9S1unlXxexfNZUnnyZ2OOzP1V7J5poLXdKXqB8XATN2YGGTsDZ5Q/5V1KO+NnjpW7zSw==
  dependencies:
    "@babel/runtime" "^7.14.6"
    lodash "^4.17.21"
    mjml-core "4.12.0"

mjml-hero@4.12.0:
  version "4.12.0"
  resolved "https://registry.yarnpkg.com/mjml-hero/-/mjml-hero-4.12.0.tgz#a1a9e10a0c8693d504d26866c862b17ef554d639"
  integrity sha512-j87DgSAyLzMMuNtVqR1okkI/orKnvZoR7i+RsA1yueNql9dZtnw3Ezy8cas8MJaAoGOmqIy9AqGRJIr82w4mxQ==
  dependencies:
    "@babel/runtime" "^7.14.6"
    lodash "^4.17.21"
    mjml-core "4.12.0"

mjml-image@4.12.0:
  version "4.12.0"
  resolved "https://registry.yarnpkg.com/mjml-image/-/mjml-image-4.12.0.tgz#3ac0fd5917aa51c55b3619fa16e460489b0c11c8"
  integrity sha512-P77M+PLLNn7QvGhL8sx+6yzkQbEMxIQO3yxqUC+x8Ie8kXS8phSNGcqx8qfhdN7p7sQ3CZdOIZSXkG7RRAF94w==
  dependencies:
    "@babel/runtime" "^7.14.6"
    lodash "^4.17.21"
    mjml-core "4.12.0"

mjml-migrate@4.12.0:
  version "4.12.0"
  resolved "https://registry.yarnpkg.com/mjml-migrate/-/mjml-migrate-4.12.0.tgz#b0b2ff7f7b799f4255f13946d8ec6c63a84b2bfd"
  integrity sha512-KDdPkuOzL9CAekY0CslM0Yqiomk4TubNMszw6UFfylp5xRA3CfBo0HdGcnewHBkZ8+isjPlzDWf3n+NkU11OiA==
  dependencies:
    "@babel/runtime" "^7.14.6"
    js-beautify "^1.6.14"
    lodash "^4.17.21"
    mjml-core "4.12.0"
    mjml-parser-xml "4.12.0"
    yargs "^16.1.0"

mjml-navbar@4.12.0:
  version "4.12.0"
  resolved "https://registry.yarnpkg.com/mjml-navbar/-/mjml-navbar-4.12.0.tgz#2b5c965c83fae83a38c5e4534f325450faf5bc86"
  integrity sha512-TWKV5lFgwUvRbG+FNz6Uo7mGPJRU/BK1v0BeQr1e5Ykft4052iYIuv2XNwRkeoORmLT+7AN8FbkP+TVBpflbWw==
  dependencies:
    "@babel/runtime" "^7.14.6"
    lodash "^4.17.21"
    mjml-core "4.12.0"

mjml-parser-xml@4.12.0:
  version "4.12.0"
  resolved "https://registry.yarnpkg.com/mjml-parser-xml/-/mjml-parser-xml-4.12.0.tgz#5db2285ca4625c443ce369c8de576687db3453aa"
  integrity sha512-cmCcvoiirH0kuCglGAjwBVfDrlnqS3e83uBwPN6wDN6IfxSgsPT6IV0vRfcJERsr2ThpFjvoSq4GmYi9oCUSMw==
  dependencies:
    "@babel/runtime" "^7.14.6"
    detect-node "2.0.4"
    htmlparser2 "^4.1.0"
    lodash "^4.17.15"

mjml-preset-core@4.12.0:
  version "4.12.0"
  resolved "https://registry.yarnpkg.com/mjml-preset-core/-/mjml-preset-core-4.12.0.tgz#93af147b2f37817e74ef889fc45748b2077ae52c"
  integrity sha512-zoiCKcl/bK43ltr2J8dY9Qg5fcB3TbhaWcTG84oGYWdii5WEkKTXj5hpP1ss1XqdOGMNLij/HVwmli+xQCo6FQ==
  dependencies:
    "@babel/runtime" "^7.14.6"
    mjml-accordion "4.12.0"
    mjml-body "4.12.0"
    mjml-button "4.12.0"
    mjml-carousel "4.12.0"
    mjml-column "4.12.0"
    mjml-divider "4.12.0"
    mjml-group "4.12.0"
    mjml-head "4.12.0"
    mjml-head-attributes "4.12.0"
    mjml-head-breakpoint "4.12.0"
    mjml-head-font "4.12.0"
    mjml-head-html-attributes "4.12.0"
    mjml-head-preview "4.12.0"
    mjml-head-style "4.12.0"
    mjml-head-title "4.12.0"
    mjml-hero "4.12.0"
    mjml-image "4.12.0"
    mjml-navbar "4.12.0"
    mjml-raw "4.12.0"
    mjml-section "4.12.0"
    mjml-social "4.12.0"
    mjml-spacer "4.12.0"
    mjml-table "4.12.0"
    mjml-text "4.12.0"
    mjml-wrapper "4.12.0"

mjml-raw@4.12.0:
  version "4.12.0"
  resolved "https://registry.yarnpkg.com/mjml-raw/-/mjml-raw-4.12.0.tgz#3fb7525d630911e2e25eb5dcf7f4904f0e0bec0d"
  integrity sha512-vQUmrEZEgu0DCca7tiPdQ/vf8GM5QyeaabbLd1rX3XCt5Mid47LCdszmVcrk1WxqNuExIw1fNyEGCCDeP2qCJg==
  dependencies:
    "@babel/runtime" "^7.14.6"
    lodash "^4.17.21"
    mjml-core "4.12.0"

mjml-section@4.12.0:
  version "4.12.0"
  resolved "https://registry.yarnpkg.com/mjml-section/-/mjml-section-4.12.0.tgz#9d67bd52bb8418a76765d556f60467a506ed79b9"
  integrity sha512-5BdHrAghS/XJ40t3qtLHpY3rIVuBnJXv8dGm8U+oMVAzw3L4ySk5WI+FulRkchdPFCKpeXQZjXZaX0C7pmNaIw==
  dependencies:
    "@babel/runtime" "^7.14.6"
    lodash "^4.17.21"
    mjml-core "4.12.0"

mjml-social@4.12.0:
  version "4.12.0"
  resolved "https://registry.yarnpkg.com/mjml-social/-/mjml-social-4.12.0.tgz#7423acc02a180c91b186806ba7e522861dcbc8bf"
  integrity sha512-eTsqJoKP65Imawh+WEX2dv4N34ItUmvIbsCeSQPhC/NG6klxDjzg5oDA1F2tZk+CPIuXVmJiauQ5/vPHLzUiVw==
  dependencies:
    "@babel/runtime" "^7.14.6"
    lodash "^4.17.21"
    mjml-core "4.12.0"

mjml-spacer@4.12.0:
  version "4.12.0"
  resolved "https://registry.yarnpkg.com/mjml-spacer/-/mjml-spacer-4.12.0.tgz#129662cfc02ef777973517eadd99cfdf6c3ab215"
  integrity sha512-YB+VCixcuWXDzICrGLFw7PJDkL166e4OG8IUUB2yhvd5VHtFFBc0iRksaEAumOL1r6MnXVCRq4Wcmxlzj7zOfQ==
  dependencies:
    "@babel/runtime" "^7.14.6"
    lodash "^4.17.21"
    mjml-core "4.12.0"

mjml-table@4.12.0:
  version "4.12.0"
  resolved "https://registry.yarnpkg.com/mjml-table/-/mjml-table-4.12.0.tgz#e8682786a43a144e96d43c2891affab8facc3dde"
  integrity sha512-IuLvyiJOsM6RgobuIfZuM36fJcoH8pK/A4awCLTEme0HCxEkkjzDkl4RBMK/KX53Cpor0U6oR6RlQfZcducpLg==
  dependencies:
    "@babel/runtime" "^7.14.6"
    lodash "^4.17.21"
    mjml-core "4.12.0"

mjml-text@4.12.0:
  version "4.12.0"
  resolved "https://registry.yarnpkg.com/mjml-text/-/mjml-text-4.12.0.tgz#615af59c8932433b82dd8c7f5d132ec7625f397f"
  integrity sha512-AFcXiQBC48ZfKKgAdU0NRS2nqftc8zLGxBtPwHNgFkuh5Lf2rWgPK6JRubNi7qhb8Sd7M8stU+LIRA5sxM1nRQ==
  dependencies:
    "@babel/runtime" "^7.14.6"
    lodash "^4.17.21"
    mjml-core "4.12.0"

mjml-validator@4.12.0:
  version "4.12.0"
  resolved "https://registry.yarnpkg.com/mjml-validator/-/mjml-validator-4.12.0.tgz#f359f89f8ca6bfe955af2bf351a48055d59db903"
  integrity sha512-EmOScfcJJ4LdIyHnE+K4FdkryQ+c6QRV7qp+zlunAHE5AUPaBS0OrHPHuNo1sOu7g1tc+bVl7eHR4FIb0Wkzwg==
  dependencies:
    "@babel/runtime" "^7.14.6"

mjml-wrapper@4.12.0:
  version "4.12.0"
  resolved "https://registry.yarnpkg.com/mjml-wrapper/-/mjml-wrapper-4.12.0.tgz#8f2b6ee108ed5cc49dd7fbe75c09a77351221d03"
  integrity sha512-u0pq+A9QBLwpeF/hdv2uWZIv3Qp4wwf+CMaHZsUpb3YfOJD/6YKwLvkeA7ngE+YxwwzgtgjmIEs4eDae1evlgQ==
  dependencies:
    "@babel/runtime" "^7.14.6"
    lodash "^4.17.21"
    mjml-core "4.12.0"
    mjml-section "4.12.0"

mjml@^4.12.0:
  version "4.12.0"
  resolved "https://registry.yarnpkg.com/mjml/-/mjml-4.12.0.tgz#bcf5c508075c5b05d84f611180234f4a2b3e13b0"
  integrity sha512-uWDu1pPQVyoX4iKIrM02J6qOBN6PC1rSMP64DKi2qGU4dpOztVgvTBh6JttIbINV4ZiALtpeGu+jeEUqp2ROXA==
  dependencies:
    "@babel/runtime" "^7.14.6"
    mjml-cli "4.12.0"
    mjml-core "4.12.0"
    mjml-migrate "4.12.0"
    mjml-preset-core "4.12.0"
    mjml-validator "4.12.0"

no-case@^2.2.0:
  version "2.3.2"
  resolved "https://registry.yarnpkg.com/no-case/-/no-case-2.3.2.tgz#60b813396be39b3f1288a4c1ed5d1e7d28b464ac"
  integrity sha512-rmTZ9kz+f3rCvK2TD1Ue/oZlns7OGoIWP4fc3llxxRXlOkHKoWPPWJOfFYpITabSow43QJbRIoHQXtt10VldyQ==
  dependencies:
    lower-case "^1.1.1"

node-fetch@^2.6.0:
  version "2.6.7"
  resolved "https://registry.yarnpkg.com/node-fetch/-/node-fetch-2.6.7.tgz#24de9fba827e3b4ae44dc8b20256a379160052ad"
  integrity sha512-ZjMPFEfVx5j+y2yF35Kzx5sF7kDzxuDj6ziH4FFbOp87zKDZNx8yExJIb05OGF4Nlt9IHFIMBkRl41VdvcNdbQ==
  dependencies:
    whatwg-url "^5.0.0"

nopt@^5.0.0:
  version "5.0.0"
  resolved "https://registry.yarnpkg.com/nopt/-/nopt-5.0.0.tgz#530942bb58a512fccafe53fe210f13a25355dc88"
  integrity sha512-Tbj67rffqceeLpcRXrT7vKAN8CwfPeIBgM7E6iBkmKLV7bEMwpGgYLGv0jACUsECaa/vuxP0IjEont6umdMgtQ==
  dependencies:
    abbrev "1"

normalize-path@^3.0.0, normalize-path@~3.0.0:
  version "3.0.0"
  resolved "https://registry.yarnpkg.com/normalize-path/-/normalize-path-3.0.0.tgz#0dcd69ff23a1c9b11fd0978316644a0388216a65"
  integrity sha512-6eZs5Ls3WtCisHWp9S2GUy8dqkpGi4BVSz3GaqiE6ezub0512ESztXUwUB6C6IKbQkY2Pnb/mD4WYojCRwcwLA==

nth-check@^2.0.1:
  version "2.0.1"
  resolved "https://registry.yarnpkg.com/nth-check/-/nth-check-2.0.1.tgz#2efe162f5c3da06a28959fbd3db75dbeea9f0fc2"
  integrity sha512-it1vE95zF6dTT9lBsYbxvqh0Soy4SPowchj0UBGj/V6cTPnXXtQOPUbhZ6CmGzAD/rW22LQK6E96pcdJXk4A4w==
  dependencies:
    boolbase "^1.0.0"

once@^1.3.0:
  version "1.4.0"
  resolved "https://registry.yarnpkg.com/once/-/once-1.4.0.tgz#583b1aa775961d4b113ac17d9c50baef9dd76bd1"
  integrity sha1-WDsap3WWHUsROsF9nFC6753Xa9E=
  dependencies:
    wrappy "1"

param-case@^2.1.1:
  version "2.1.1"
  resolved "https://registry.yarnpkg.com/param-case/-/param-case-2.1.1.tgz#df94fd8cf6531ecf75e6bef9a0858fbc72be2247"
  integrity sha1-35T9jPZTHs915r75oIWPvHK+Ikc=
  dependencies:
    no-case "^2.2.0"

parse5-htmlparser2-tree-adapter@^6.0.1:
  version "6.0.1"
  resolved "https://registry.yarnpkg.com/parse5-htmlparser2-tree-adapter/-/parse5-htmlparser2-tree-adapter-6.0.1.tgz#2cdf9ad823321140370d4dbf5d3e92c7c8ddc6e6"
  integrity sha512-qPuWvbLgvDGilKc5BoicRovlT4MtYT6JfJyBOMDsKoiT+GiuP5qyrPCnR9HcPECIJJmZh5jRndyNThnhhb/vlA==
  dependencies:
    parse5 "^6.0.1"

parse5@^6.0.1:
  version "6.0.1"
  resolved "https://registry.yarnpkg.com/parse5/-/parse5-6.0.1.tgz#e1a1c085c569b3dc08321184f19a39cc27f7c30b"
  integrity sha512-Ofn/CTFzRGTTxwpNEs9PP93gXShHcTq255nzRYSKe8AkVpZY7e1fpmTfOyoIvjP5HG7Z2ZM7VS9PPhQGW2pOpw==

path-is-absolute@^1.0.0:
  version "1.0.1"
  resolved "https://registry.yarnpkg.com/path-is-absolute/-/path-is-absolute-1.0.1.tgz#174b9268735534ffbc7ace6bf53a5a9e1b5c5f5f"
  integrity sha1-F0uSaHNVNP+8es5r9TpanhtcX18=

picomatch@^2.0.4, picomatch@^2.2.1:
  version "2.3.1"
  resolved "https://registry.yarnpkg.com/picomatch/-/picomatch-2.3.1.tgz#3ba3833733646d9d3e4995946c1365a67fb07a42"
  integrity sha512-JU3teHTNjmE2VCGFzuY8EXzCDVwEqB2a8fsIvwaStHhAWJEeVd1o1QD80CU6+ZdEXXSLbSsuLwJjkCBWqRQUVA==

proto-list@~1.2.1:
  version "1.2.4"
  resolved "https://registry.yarnpkg.com/proto-list/-/proto-list-1.2.4.tgz#212d5bfe1318306a420f6402b8e26ff39647a849"
  integrity sha1-IS1b/hMYMGpCD2QCuOJv85ZHqEk=

pseudomap@^1.0.2:
  version "1.0.2"
  resolved "https://registry.yarnpkg.com/pseudomap/-/pseudomap-1.0.2.tgz#f052a28da70e618917ef0a8ac34c1ae5a68286b3"
  integrity sha1-8FKijacOYYkX7wqKw0wa5aaChrM=

readdirp@~3.6.0:
  version "3.6.0"
  resolved "https://registry.yarnpkg.com/readdirp/-/readdirp-3.6.0.tgz#74a370bd857116e245b29cc97340cd431a02a6c7"
  integrity sha512-hOS089on8RduqdbhvQ5Z37A0ESjsqz6qnRcffsMU3495FuTdqSm+7bhJ29JvIOsBDEEnan5DPu9t3To9VRlMzA==
  dependencies:
    picomatch "^2.2.1"

regenerator-runtime@^0.13.4:
  version "0.13.9"
  resolved "https://registry.yarnpkg.com/regenerator-runtime/-/regenerator-runtime-0.13.9.tgz#8925742a98ffd90814988d7566ad30ca3b263b52"
  integrity sha512-p3VT+cOEgxFsRRA9X4lkI1E+k2/CtnKtU4gcxyaCUreilL/vqI6CdZ3wxVUx3UOUg+gnUOQQcRI7BmSI656MYA==

relateurl@^0.2.7:
  version "0.2.7"
  resolved "https://registry.yarnpkg.com/relateurl/-/relateurl-0.2.7.tgz#54dbf377e51440aca90a4cd274600d3ff2d888a9"
  integrity sha1-VNvzd+UUQKypCkzSdGANP/LYiKk=

require-directory@^2.1.1:
  version "2.1.1"
  resolved "https://registry.yarnpkg.com/require-directory/-/require-directory-2.1.1.tgz#8c64ad5fd30dab1c976e2344ffe7f792a6a6df42"
  integrity sha1-jGStX9MNqxyXbiNE/+f3kqam30I=

semver@^5.6.0:
  version "5.7.1"
  resolved "https://registry.yarnpkg.com/semver/-/semver-5.7.1.tgz#a954f931aeba508d307bbf069eff0c01c96116f7"
  integrity sha512-sauaDf/PZdVgrLTNYHRtpXa1iRiKcaebiKQ1BJdpQlWH2lCvexQdX55snPFyK7QzpudqbCI0qXFfOasHdyNDGQ==

sigmund@^1.0.1:
  version "1.0.1"
  resolved "https://registry.yarnpkg.com/sigmund/-/sigmund-1.0.1.tgz#3ff21f198cad2175f9f3b781853fd94d0d19b590"
  integrity sha1-P/IfGYytIXX587eBhT/ZTQ0ZtZA=

slick@^1.12.2:
  version "1.12.2"
  resolved "https://registry.yarnpkg.com/slick/-/slick-1.12.2.tgz#bd048ddb74de7d1ca6915faa4a57570b3550c2d7"
  integrity sha1-vQSN23TefRymkV+qSldXCzVQwtc=

source-map@~0.6.0:
  version "0.6.1"
  resolved "https://registry.yarnpkg.com/source-map/-/source-map-0.6.1.tgz#74722af32e9614e9c287a8d0bbde48b5e2f1a263"
  integrity sha512-UjgapumWlbMhkBgzT7Ykc5YXUT46F0iKu8SGXq0bcwP5dz/h0Plj6enJqjz1Zbq2l5WaqYnrVbwWOWMyF3F47g==

string-width@^4.1.0, string-width@^4.2.0:
  version "4.2.3"
  resolved "https://registry.yarnpkg.com/string-width/-/string-width-4.2.3.tgz#269c7117d27b05ad2e536830a8ec895ef9c6d010"
  integrity sha512-wKyQRQpjJ0sIp62ErSZdGsjMJWsap5oRNihHhu6G7JVO/9jIB6UyevL+tXuOqrng8j/cxKTWyWUwvSTriiZz/g==
  dependencies:
    emoji-regex "^8.0.0"
    is-fullwidth-code-point "^3.0.0"
    strip-ansi "^6.0.1"

strip-ansi@^6.0.0, strip-ansi@^6.0.1:
  version "6.0.1"
  resolved "https://registry.yarnpkg.com/strip-ansi/-/strip-ansi-6.0.1.tgz#9e26c63d30f53443e9489495b2105d37b67a85d9"
  integrity sha512-Y38VPSHcqkFrCpFnQ9vuSXmquuv5oXOKpGeT6aGrr3o3Gc9AlVa6JBfUSOCnbxGGZF+/0ooI7KrPuUSztUdU5A==
  dependencies:
    ansi-regex "^5.0.1"

to-regex-range@^5.0.1:
  version "5.0.1"
  resolved "https://registry.yarnpkg.com/to-regex-range/-/to-regex-range-5.0.1.tgz#1648c44aae7c8d988a326018ed72f5b4dd0392e4"
  integrity sha512-65P7iz6X5yEr1cwcgvQxbbIw7Uk3gOy5dIdtZ4rDveLqhrdJP+Li/Hx6tyK0NEb+2GCyneCMJiGqrADCSNk8sQ==
  dependencies:
    is-number "^7.0.0"

tr46@~0.0.3:
  version "0.0.3"
  resolved "https://registry.yarnpkg.com/tr46/-/tr46-0.0.3.tgz#8184fd347dac9cdc185992f3a6622e14b9d9ab6a"
  integrity sha1-gYT9NH2snNwYWZLzpmIuFLnZq2o=

tslib@^2.2.0:
  version "2.3.1"
  resolved "https://registry.yarnpkg.com/tslib/-/tslib-2.3.1.tgz#e8a335add5ceae51aa261d32a490158ef042ef01"
  integrity sha512-77EbyPPpMz+FRFRuAFlWMtmgUWGe9UOG2Z25NqCwiIjRhOf5iKGuzSe5P2w1laq+FkRy4p+PCuVkJSGkzTEKVw==

uglify-js@^3.5.1:
  version "3.15.1"
  resolved "https://registry.yarnpkg.com/uglify-js/-/uglify-js-3.15.1.tgz#9403dc6fa5695a6172a91bc983ea39f0f7c9086d"
  integrity sha512-FAGKF12fWdkpvNJZENacOH0e/83eG6JyVQyanIJaBXCN1J11TUQv1T1/z8S+Z0CG0ZPk1nPcreF/c7lrTd0TEQ==

upper-case@^1.1.1:
  version "1.1.3"
  resolved "https://registry.yarnpkg.com/upper-case/-/upper-case-1.1.3.tgz#f6b4501c2ec4cdd26ba78be7222961de77621598"
  integrity sha1-9rRQHC7EzdJrp4vnIilh3ndiFZg=

valid-data-url@^3.0.0:
  version "3.0.1"
  resolved "https://registry.yarnpkg.com/valid-data-url/-/valid-data-url-3.0.1.tgz#826c1744e71b5632e847dd15dbd45b9fb38aa34f"
  integrity sha512-jOWVmzVceKlVVdwjNSenT4PbGghU0SBIizAev8ofZVgivk/TVHXSbNL8LP6M3spZvkR9/QolkyJavGSX5Cs0UA==

web-resource-inliner@^5.0.0:
  version "5.0.0"
  resolved "https://registry.yarnpkg.com/web-resource-inliner/-/web-resource-inliner-5.0.0.tgz#ac30db8096931f20a7c1b3ade54ff444e2e20f7b"
  integrity sha512-AIihwH+ZmdHfkJm7BjSXiEClVt4zUFqX4YlFAzjL13wLtDuUneSaFvDBTbdYRecs35SiU7iNKbMnN+++wVfb6A==
  dependencies:
    ansi-colors "^4.1.1"
    escape-goat "^3.0.0"
    htmlparser2 "^4.0.0"
    mime "^2.4.6"
    node-fetch "^2.6.0"
    valid-data-url "^3.0.0"

webidl-conversions@^3.0.0:
  version "3.0.1"
  resolved "https://registry.yarnpkg.com/webidl-conversions/-/webidl-conversions-3.0.1.tgz#24534275e2a7bc6be7bc86611cc16ae0a5654871"
  integrity sha1-JFNCdeKnvGvnvIZhHMFq4KVlSHE=

whatwg-url@^5.0.0:
  version "5.0.0"
  resolved "https://registry.yarnpkg.com/whatwg-url/-/whatwg-url-5.0.0.tgz#966454e8765462e37644d3626f6742ce8b70965d"
  integrity sha1-lmRU6HZUYuN2RNNib2dCzotwll0=
  dependencies:
    tr46 "~0.0.3"
    webidl-conversions "^3.0.0"

wrap-ansi@^7.0.0:
  version "7.0.0"
  resolved "https://registry.yarnpkg.com/wrap-ansi/-/wrap-ansi-7.0.0.tgz#67e145cff510a6a6984bdf1152911d69d2eb9e43"
  integrity sha512-YVGIj2kamLSTxw6NsZjoBxfSwsn0ycdesmc4p+Q21c5zPuZ1pl+NfxVdxPtdHvmNVOQ6XSYG4AUtyt/Fi7D16Q==
  dependencies:
    ansi-styles "^4.0.0"
    string-width "^4.1.0"
    strip-ansi "^6.0.0"

wrappy@1:
  version "1.0.2"
  resolved "https://registry.yarnpkg.com/wrappy/-/wrappy-1.0.2.tgz#b5243d8f3ec1aa35f1364605bc0d1036e30ab69f"
  integrity sha1-tSQ9jz7BqjXxNkYFvA0QNuMKtp8=

y18n@^5.0.5:
  version "5.0.8"
  resolved "https://registry.yarnpkg.com/y18n/-/y18n-5.0.8.tgz#7f4934d0f7ca8c56f95314939ddcd2dd91ce1d55"
  integrity sha512-0pfFzegeDWJHJIAmTLRP2DwHjdF5s7jo9tuztdQxAhINCdvS+3nGINqPd00AphqJR/0LhANUS6/+7SCb98YOfA==

yallist@^2.1.2:
  version "2.1.2"
  resolved "https://registry.yarnpkg.com/yallist/-/yallist-2.1.2.tgz#1c11f9218f076089a47dd512f93c6699a6a81d52"
  integrity sha1-HBH5IY8HYImkfdUS+TxmmaaoHVI=

yargs-parser@^20.2.2:
  version "20.2.9"
  resolved "https://registry.yarnpkg.com/yargs-parser/-/yargs-parser-20.2.9.tgz#2eb7dc3b0289718fc295f362753845c41a0c94ee"
  integrity sha512-y11nGElTIV+CT3Zv9t7VKl+Q3hTQoT9a1Qzezhhl6Rp21gJ/IVTW7Z3y9EWXhuUBC2Shnf+DX0antecpAwSP8w==

yargs@^16.1.0:
  version "16.2.0"
  resolved "https://registry.yarnpkg.com/yargs/-/yargs-16.2.0.tgz#1c82bf0f6b6a66eafce7ef30e376f49a12477f66"
  integrity sha512-D1mvvtDG0L5ft/jGWkLpG1+m0eQxOfaBvTNELraWj22wSVUMWxZUvYgJYcKh6jGGIkJFhH4IZPQhR4TKpc8mBw==
  dependencies:
    cliui "^7.0.2"
    escalade "^3.1.1"
    get-caller-file "^2.0.5"
    require-directory "^2.1.1"
    string-width "^4.2.0"
    y18n "^5.0.5"
    yargs-parser "^20.2.2"
